
Microsoft Visual Studio Solution File, Format Version 12.00
# Visual Studio Version 17
VisualStudioVersion = 17.2.32630.192
MinimumVisualStudioVersion = 10.0.40219.1
Project("{54A90642-561A-4BB1-A94E-469ADEE60C69}") = "TrialP", "TrialP\TrialP.esproj", "{ABF90D31-3907-47D5-AA70-0AC9FA45CE5E}"
EndProject
Project("{2150E333-8FDC-42A3-9474-1A3956D46DE8}") = "Microservices", "Microservices", "{222B770E-E7DE-405D-9FF0-3A6D77FAE0B8}"
EndProject
Project("{2150E333-8FDC-42A3-9474-1A3956D46DE8}") = "ApiGateway", "ApiGateway", "{B0321B3F-25F4-4AED-9ABC-2753A895F449}"
EndProject
Project("{9A19103F-16F7-4668-BE54-9A1E7A4F7556}") = "ApiGateway", "Ocelot\ApiGateway.csproj", "{3B208540-708C-4391-92A0-E9A5568110B2}"
EndProject
Project("{9A19103F-16F7-4668-BE54-9A1E7A4F7556}") = "TrialP.Products", "TrialP.Products\TrialP.Products.csproj", "{47EB83C1-0676-4C5C-8277-4775E7B1F31C}"
EndProject
Project("{9A19103F-16F7-4668-BE54-9A1E7A4F7556}") = "TrialP.Auth", "TrialP.Auth\TrialP.Auth.csproj", "{DAC326E2-F443-4639-B384-38709691FB0A}"
EndProject
Project("{2150E333-8FDC-42A3-9474-1A3956D46DE8}") = "SQL", "SQL", "{8EA8541D-D4D0-4DCC-8368-922367E679FF}"
	ProjectSection(SolutionItems) = preProject
		refreshtokentable.sql = refreshtokentable.sql
		scaffold.txt = scaffold.txt
		tablesall.sql = tablesall.sql
	EndProjectSection
EndProject
Project("{E53339B2-1760-4266-BCC7-CA923CBCF16C}") = "docker-compose", "docker-compose.dcproj", "{D1544DCF-5310-4BF3-AC7D-8B68E08AE060}"
EndProject
Project("{2150E333-8FDC-42A3-9474-1A3956D46DE8}") = "ConsoleApps", "ConsoleApps", "{BBF7A592-C7B5-45DF-8720-A0B8DE6A2271}"
EndProject
Project("{9A19103F-16F7-4668-BE54-9A1E7A4F7556}") = "WhoBoughtThisItemAlsoBought", "WhoBoughtThisItemAlsoBought\WhoBoughtThisItemAlsoBought.csproj", "{55563BDF-7098-4621-9989-50252685CE71}"
EndProject
Project("{9A19103F-16F7-4668-BE54-9A1E7A4F7556}") = "TrialP.ML", "TrialP.ML\TrialP.ML.csproj", "{88D9EC4C-E669-4E8D-AC17-9CA48DF09445}"
EndProject
Global
	GlobalSection(SolutionConfigurationPlatforms) = preSolution
		Debug|Any CPU = Debug|Any CPU
		Release|Any CPU = Release|Any CPU
	EndGlobalSection
	GlobalSection(ProjectConfigurationPlatforms) = postSolution
		{ABF90D31-3907-47D5-AA70-0AC9FA45CE5E}.Debug|Any CPU.ActiveCfg = Debug|Any CPU
		{ABF90D31-3907-47D5-AA70-0AC9FA45CE5E}.Debug|Any CPU.Build.0 = Debug|Any CPU
		{ABF90D31-3907-47D5-AA70-0AC9FA45CE5E}.Debug|Any CPU.Deploy.0 = Debug|Any CPU
		{ABF90D31-3907-47D5-AA70-0AC9FA45CE5E}.Release|Any CPU.ActiveCfg = Release|Any CPU
		{ABF90D31-3907-47D5-AA70-0AC9FA45CE5E}.Release|Any CPU.Build.0 = Release|Any CPU
		{ABF90D31-3907-47D5-AA70-0AC9FA45CE5E}.Release|Any CPU.Deploy.0 = Release|Any CPU
		{3B208540-708C-4391-92A0-E9A5568110B2}.Debug|Any CPU.ActiveCfg = Debug|Any CPU
		{3B208540-708C-4391-92A0-E9A5568110B2}.Debug|Any CPU.Build.0 = Debug|Any CPU
		{3B208540-708C-4391-92A0-E9A5568110B2}.Release|Any CPU.ActiveCfg = Release|Any CPU
		{3B208540-708C-4391-92A0-E9A5568110B2}.Release|Any CPU.Build.0 = Release|Any CPU
		{47EB83C1-0676-4C5C-8277-4775E7B1F31C}.Debug|Any CPU.ActiveCfg = Debug|Any CPU
		{47EB83C1-0676-4C5C-8277-4775E7B1F31C}.Debug|Any CPU.Build.0 = Debug|Any CPU
		{47EB83C1-0676-4C5C-8277-4775E7B1F31C}.Release|Any CPU.ActiveCfg = Release|Any CPU
		{47EB83C1-0676-4C5C-8277-4775E7B1F31C}.Release|Any CPU.Build.0 = Release|Any CPU
		{DAC326E2-F443-4639-B384-38709691FB0A}.Debug|Any CPU.ActiveCfg = Debug|Any CPU
		{DAC326E2-F443-4639-B384-38709691FB0A}.Debug|Any CPU.Build.0 = Debug|Any CPU
		{DAC326E2-F443-4639-B384-38709691FB0A}.Release|Any CPU.ActiveCfg = Release|Any CPU
		{DAC326E2-F443-4639-B384-38709691FB0A}.Release|Any CPU.Build.0 = Release|Any CPU
		{D1544DCF-5310-4BF3-AC7D-8B68E08AE060}.Debug|Any CPU.ActiveCfg = Debug|Any CPU
		{D1544DCF-5310-4BF3-AC7D-8B68E08AE060}.Release|Any CPU.ActiveCfg = Release|Any CPU
		{55563BDF-7098-4621-9989-50252685CE71}.Debug|Any CPU.ActiveCfg = Debug|Any CPU
		{55563BDF-7098-4621-9989-50252685CE71}.Debug|Any CPU.Build.0 = Debug|Any CPU
		{55563BDF-7098-4621-9989-50252685CE71}.Release|Any CPU.ActiveCfg = Release|Any CPU
		{55563BDF-7098-4621-9989-50252685CE71}.Release|Any CPU.Build.0 = Release|Any CPU
		{88D9EC4C-E669-4E8D-AC17-9CA48DF09445}.Debug|Any CPU.ActiveCfg = Debug|Any CPU
		{88D9EC4C-E669-4E8D-AC17-9CA48DF09445}.Debug|Any CPU.Build.0 = Debug|Any CPU
		{88D9EC4C-E669-4E8D-AC17-9CA48DF09445}.Release|Any CPU.ActiveCfg = Release|Any CPU
		{88D9EC4C-E669-4E8D-AC17-9CA48DF09445}.Release|Any CPU.Build.0 = Release|Any CPU
	EndGlobalSection
	GlobalSection(SolutionProperties) = preSolution
		HideSolutionNode = FALSE
	EndGlobalSection
	GlobalSection(NestedProjects) = preSolution
		{3B208540-708C-4391-92A0-E9A5568110B2} = {B0321B3F-25F4-4AED-9ABC-2753A895F449}
		{47EB83C1-0676-4C5C-8277-4775E7B1F31C} = {222B770E-E7DE-405D-9FF0-3A6D77FAE0B8}
		{DAC326E2-F443-4639-B384-38709691FB0A} = {222B770E-E7DE-405D-9FF0-3A6D77FAE0B8}
		{55563BDF-7098-4621-9989-50252685CE71} = {BBF7A592-C7B5-45DF-8720-A0B8DE6A2271}
		{88D9EC4C-E669-4E8D-AC17-9CA48DF09445} = {222B770E-E7DE-405D-9FF0-3A6D77FAE0B8}
	EndGlobalSection
	GlobalSection(ExtensibilityGlobals) = postSolution
		SolutionGuid = {CF5AA923-B875-42F4-A7DD-D7DC34C42D1E}
	EndGlobalSection
EndGlobal
